// !$*UTF8*$!
{
	archiveVersion = 1;
	classes = {
	};
	objectVersion = 50;
	objects = {

/* Begin PBXBuildFile section */
		13C1A2A4236F0948004B52AF /* AppDelegate.swift in Sources */ = {isa = PBXBuildFile; fileRef = 13C1A2A3236F0948004B52AF /* AppDelegate.swift */; };
		13C1A2A6236F0948004B52AF /* SceneDelegate.swift in Sources */ = {isa = PBXBuildFile; fileRef = 13C1A2A5236F0948004B52AF /* SceneDelegate.swift */; };
		13C1A2A8236F0948004B52AF /* ContentView.swift in Sources */ = {isa = PBXBuildFile; fileRef = 13C1A2A7236F0948004B52AF /* ContentView.swift */; };
		13C1A2AA236F094A004B52AF /* Assets.xcassets in Resources */ = {isa = PBXBuildFile; fileRef = 13C1A2A9236F094A004B52AF /* Assets.xcassets */; };
		13C1A2AD236F094A004B52AF /* Preview Assets.xcassets in Resources */ = {isa = PBXBuildFile; fileRef = 13C1A2AC236F094A004B52AF /* Preview Assets.xcassets */; };
		13C1A2B0236F094A004B52AF /* LaunchScreen.storyboard in Resources */ = {isa = PBXBuildFile; fileRef = 13C1A2AE236F094A004B52AF /* LaunchScreen.storyboard */; };
		13E461E32393E7CD00B8E2D2 /* FBPostView.swift in Sources */ = {isa = PBXBuildFile; fileRef = 13E461E22393E7CD00B8E2D2 /* FBPostView.swift */; };
		13E461E523942BDC00B8E2D2 /* FBStatusView.swift in Sources */ = {isa = PBXBuildFile; fileRef = 13E461E423942BDC00B8E2D2 /* FBStatusView.swift */; };
/* End PBXBuildFile section */

/* Begin PBXFileReference section */
		13C1A2A0236F0948004B52AF /* FacebookUIDemo.app */ = {isa = PBXFileReference; explicitFileType = wrapper.application; includeInIndex = 0; path = FacebookUIDemo.app; sourceTree = BUILT_PRODUCTS_DIR; };
		13C1A2A3236F0948004B52AF /* AppDelegate.swift */ = {isa = PBXFileReference; lastKnownFileType = sourcecode.swift; path = AppDelegate.swift; sourceTree = "<group>"; };
		13C1A2A5236F0948004B52AF /* SceneDelegate.swift */ = {isa = PBXFileReference; lastKnownFileType = sourcecode.swift; path = SceneDelegate.swift; sourceTree = "<group>"; };
		13C1A2A7236F0948004B52AF /* ContentView.swift */ = {isa = PBXFileReference; lastKnownFileType = sourcecode.swift; path = ContentView.swift; sourceTree = "<group>"; };
		13C1A2A9236F094A004B52AF /* Assets.xcassets */ = {isa = PBXFileReference; lastKnownFileType = folder.assetcatalog; path = Assets.xcassets; sourceTree = "<group>"; };
		13C1A2AC236F094A004B52AF /* Preview Assets.xcassets */ = {isa = PBXFileReference; lastKnownFileType = folder.assetcatalog; path = "Preview Assets.xcassets"; sourceTree = "<group>"; };
		13C1A2AF236F094A004B52AF /* Base */ = {isa = PBXFileReference; lastKnownFileType = file.storyboard; name = Base; path = Base.lproj/LaunchScreen.storyboard; sourceTree = "<group>"; };
		13C1A2B1236F094A004B52AF /* Info.plist */ = {isa = PBXFileReference; lastKnownFileType = text.plist.xml; path = Info.plist; sourceTree = "<group>"; };
		13E461E22393E7CD00B8E2D2 /* FBPostView.swift */ = {isa = PBXFileReference; lastKnownFileType = sourcecode.swift; path = FBPostView.swift; sourceTree = "<group>"; };
		13E461E423942BDC00B8E2D2 /* FBStatusView.swift */ = {isa = PBXFileReference; lastKnownFileType = sourcecode.swift; path = FBStatusView.swift; sourceTree = "<group>"; };
/* End PBXFileReference section */

/* Begin PBXFrameworksBuildPhase section */
		13C1A29D236F0948004B52AF /* Frameworks */ = {
			isa = PBXFrameworksBuildPhase;
			buildActionMask = 2147483647;
			files = (
			);
			runOnlyForDeploymentPostprocessing = 0;
		};
/* End PBXFrameworksBuildPhase section */

/* Begin PBXGroup section */
		13C1A297236F0948004B52AF = {
			isa = PBXGroup;
			children = (
				13C1A2A2236F0948004B52AF /* FacebookUIDemo */,
				13C1A2A1236F0948004B52AF /* Products */,
			);
			sourceTree = "<group>";
		};
		13C1A2A1236F0948004B52AF /* Products */ = {
			isa = PBXGroup;
			children = (
				13C1A2A0236F0948004B52AF /* FacebookUIDemo.app */,
			);
			name = Products;
			sourceTree = "<group>";
		};
		13C1A2A2236F0948004B52AF /* FacebookUIDemo */ = {
			isa = PBXGroup;
			children = (
				13C1A2A3236F0948004B52AF /* AppDelegate.swift */,
				13C1A2A5236F0948004B52AF /* SceneDelegate.swift */,
				13C1A2A7236F0948004B52AF /* ContentView.swift */,
				13C1A2A9236F094A004B52AF /* Assets.xcassets */,
				13C1A2AE236F094A004B52AF /* LaunchScreen.storyboard */,
				13C1A2B1236F094A004B52AF /* Info.plist */,
				13C1A2AB236F094A004B52AF /* Preview Content */,
				13E461E22393E7CD00B8E2D2 /* FBPostView.swift */,
				13E461E423942BDC00B8E2D2 /* FBStatusView.swift */,
			);
			path = FacebookUIDemo;
			sourceTree = "<group>";
		};
		13C1A2AB236F094A004B52AF /* Preview Content */ = {
			isa = PBXGroup;
			children = (
				13C1A2AC236F094A004B52AF /* Preview Assets.xcassets */,
			);
			path = "Preview Content";
			sourceTree = "<group>";
		};
/* End PBXGroup section */

/* Begin PBXNativeTarget section */
		13C1A29F236F0948004B52AF /* FacebookUIDemo */ = {
			isa = PBXNativeTarget;
			buildConfigurationList = 13C1A2B4236F094A004B52AF /* Build configuration list for PBXNativeTarget "FacebookUIDemo" */;
			buildPhases = (
				13C1A29C236F0948004B52AF /* Sources */,
				13C1A29D236F0948004B52AF /* Frameworks */,
				13C1A29E236F0948004B52AF /* Resources */,
			);
			buildRules = (
			);
			dependencies = (
			);
			name = FacebookUIDemo;
			productName = FacebookUIDemo;
			productReference = 13C1A2A0236F0948004B52AF /* FacebookUIDemo.app */;
			productType = "com.apple.product-type.application";
		};
/* End PBXNativeTarget section */

/* Begin PBXProject section */
		13C1A298236F0948004B52AF /* Project object */ = {
			isa = PBXProject;
			attributes = {
				LastSwiftUpdateCheck = 1100;
				LastUpgradeCheck = 1100;
				ORGANIZATIONNAME = "Vikash Kumar";
				TargetAttributes = {
					13C1A29F236F0948004B52AF = {
						CreatedOnToolsVersion = 11.0;
					};
				};
			};
			buildConfigurationList = 13C1A29B236F0948004B52AF /* Build configuration list for PBXProject "FacebookUIDemo" */;
			compatibilityVersion = "Xcode 9.3";
			developmentRegion = en;
			hasScannedForEncodings = 0;
			knownRegions = (
				en,
				Base,
			);
			mainGroup = 13C1A297236F0948004B52AF;
			productRefGroup = 13C1A2A1236F0948004B52AF /* Products */;
			projectDirPath = "";
			projectRoot = "";
			targets = (
				13C1A29F236F0948004B52AF /* FacebookUIDemo */,
			);
		};
/* End PBXProject section */

/* Begin PBXResourcesBuildPhase section */
		13C1A29E236F0948004B52AF /* Resources */ = {
			isa = PBXResourcesBuildPhase;
			buildActionMask = 2147483647;
			files = (
				13C1A2B0236F094A004B52AF /* LaunchScreen.storyboard in Resources */,
				13C1A2AD236F094A004B52AF /* Preview Assets.xcassets in Resources */,
				13C1A2AA236F094A004B52AF /* Assets.xcassets in Resources */,
			);
			runOnlyForDeploymentPostprocessing = 0;
		};
/* End PBXResourcesBuildPhase section */

/* Begin PBXSourcesBuildPhase section */
		13C1A29C236F0948004B52AF /* Sources */ = {
			isa = PBXSourcesBuildPhase;
			buildActionMask = 2147483647;
			files = (
				13E461E32393E7CD00B8E2D2 /* FBPostView.swift in Sources */,
				13C1A2A4236F0948004B52AF /* AppDelegate.swift in Sources */,
				13C1A2A6236F0948004B52AF /* SceneDelegate.swift in Sources */,
				13E461E523942BDC00B8E2D2 /* FBStatusView.swift in Sources */,
				13C1A2A8236F0948004B52AF /* ContentView.swift in Sources */,
			);
			runOnlyForDeploymentPostprocessing = 0;
		};
/* End PBXSourcesBuildPhase section */

/* Begin PBXVariantGroup section */
		13C1A2AE236F094A004B52AF /* LaunchScreen.storyboard */ = {
			isa = PBXVariantGroup;
			children = (
				13C1A2AF236F094A004B52AF /* Base */,
			);
			name = LaunchScreen.storyboard;
			sourceTree = "<group>";
		};
/* End PBXVariantGroup section */

/* Begin XCBuildConfiguration section */
		13C1A2B2236F094A004B52AF /* Debug */ = {
			isa = XCBuildConfiguration;
			buildSettings = {
				ALWAYS_SEARCH_USER_PATHS = NO;
				CLANG_ANALYZER_NONNULL = YES;
				CLANG_ANALYZER_NUMBER_OBJECT_CONVERSION = YES_AGGRESSIVE;
				CLANG_CXX_LANGUAGE_STANDARD = "gnu++14";
				CLANG_CXX_LIBRARY = "libc++";
				CLANG_ENABLE_MODULES = YES;
				CLANG_ENABLE_OBJC_ARC = YES;
				CLANG_ENABLE_OBJC_WEAK = YES;
				CLANG_WARN_BLOCK_CAPTURE_AUTORELEASING = YES;
				CLANG_WARN_BOOL_CONVERSION = YES;
				CLANG_WARN_COMMA = YES;
				CLANG_WARN_CONSTANT_CONVERSION = YES;
				CLANG_WARN_DEPRECATED_OBJC_IMPLEMENTATIONS = YES;
				CLANG_WARN_DIRECT_OBJC_ISA_USAGE = YES_ERROR;
				CLANG_WARN_DOCUMENTATION_COMMENTS = YES;
				CLANG_WARN_EMPTY_BODY = YES;
				CLANG_WARN_ENUM_CONVERSION = YES;
				CLANG_WARN_INFINITE_RECURSION = YES;
				CLANG_WARN_INT_CONVERSION = YES;
				CLANG_WARN_NON_LITERAL_NULL_CONVERSION = YES;
				CLANG_WARN_OBJC_IMPLICIT_RETAIN_SELF = YES;
				CLANG_WARN_OBJC_LITERAL_CONVERSION = YES;
				CLANG_WARN_OBJC_ROOT_CLASS = YES_ERROR;
				CLANG_WARN_RANGE_LOOP_ANALYSIS = YES;
				CLANG_WARN_STRICT_PROTOTYPES = YES;
				CLANG_WARN_SUSPICIOUS_MOVE = YES;
				CLANG_WARN_UNGUARDED_AVAILABILITY = YES_AGGRESSIVE;
				CLANG_WARN_UNREACHABLE_CODE = YES;
				CLANG_WARN__DUPLICATE_METHOD_MATCH = YES;
				COPY_PHASE_STRIP = NO;
				DEBUG_INFORMATION_FORMAT = dwarf;
				ENABLE_STRICT_OBJC_MSGSEND = YES;
				ENABLE_TESTABILITY = YES;
				GCC_C_LANGUAGE_STANDARD = gnu11;
				GCC_DYNAMIC_NO_PIC = NO;
				GCC_NO_COMMON_BLOCKS = YES;
				GCC_OPTIMIZATION_LEVEL = 0;
				GCC_PREPROCESSOR_DEFINITIONS = (
					"DEBUG=1",
					"$(inherited)",
				);
				GCC_WARN_64_TO_32_BIT_CONVERSION = YES;
				GCC_WARN_ABOUT_RETURN_TYPE = YES_ERROR;
				GCC_WARN_UNDECLARED_SELECTOR = YES;
				GCC_WARN_UNINITIALIZED_AUTOS = YES_AGGRESSIVE;
				GCC_WARN_UNUSED_FUNCTION = YES;
				GCC_WARN_UNUSED_VARIABLE = YES;
				IPHONEOS_DEPLOYMENT_TARGET = 13.0;
				MTL_ENABLE_DEBUG_INFO = INCLUDE_SOURCE;
				MTL_FAST_MATH = YES;
				ONLY_ACTIVE_ARCH = YES;
				SDKROOT = iphoneos;
				SWIFT_ACTIVE_COMPILATION_CONDITIONS = DEBUG;
				SWIFT_OPTIMIZATION_LEVEL = "-Onone";
			};
			name = Debug;
		};
		13C1A2B3236F094A004B52AF /* Release */ = {
			isa = XCBuildConfiguration;
			buildSettings = {
				ALWAYS_SEARCH_USER_PATHS = NO;
				CLANG_ANALYZER_NONNULL = YES;
				CLANG_ANALYZER_NUMBER_OBJECT_CONVERSION = YES_AGGRESSIVE;
				CLANG_CXX_LANGUAGE_STANDARD = "gnu++14";
				CLANG_CXX_LIBRARY = "libc++";
				CLANG_ENABLE_MODULES = YES;
				CLANG_ENABLE_OBJC_ARC = YES;
				CLANG_ENABLE_OBJC_WEAK = YES;
				CLANG_WARN_BLOCK_CAPTURE_AUTORELEASING = YES;
				CLANG_WARN_BOOL_CONVERSION = YES;
				CLANG_WARN_COMMA = YES;
				CLANG_WARN_CONSTANT_CONVERSION = YES;
				CLANG_WARN_DEPRECATED_OBJC_IMPLEMENTATIONS = YES;
				CLANG_WARN_DIRECT_OBJC_ISA_USAGE = YES_ERROR;
				CLANG_WARN_DOCUMENTATION_COMMENTS = YES;
				CLANG_WARN_EMPTY_BODY = YES;
				CLANG_WARN_ENUM_CONVERSION = YES;
				CLANG_WARN_INFINITE_RECURSION = YES;
				CLANG_WARN_INT_CONVERSION = YES;
				CLANG_WARN_NON_LITERAL_NULL_CONVERSION = YES;
				CLANG_WARN_OBJC_IMPLICIT_RETAIN_SELF = YES;
				CLANG_WARN_OBJC_LITERAL_CONVERSION = YES;
				CLANG_WARN_OBJC_ROOT_CLASS = YES_ERROR;
				CLANG_WARN_RANGE_LOOP_ANALYSIS = YES;
				CLANG_WARN_STRICT_PROTOTYPES = YES;
				CLANG_WARN_SUSPICIOUS_MOVE = YES;
				CLANG_WARN_UNGUARDED_AVAILABILITY = YES_AGGRESSIVE;
				CLANG_WARN_UNREACHABLE_CODE = YES;
				CLANG_WARN__DUPLICATE_METHOD_MATCH = YES;
				COPY_PHASE_STRIP = NO;
				DEBUG_INFORMATION_FORMAT = "dwarf-with-dsym";
				ENABLE_NS_ASSERTIONS = NO;
				ENABLE_STRICT_OBJC_MSGSEND = YES;
				GCC_C_LANGUAGE_STANDARD = gnu11;
				GCC_NO_COMMON_BLOCKS = YES;
				GCC_WARN_64_TO_32_BIT_CONVERSION = YES;
				GCC_WARN_ABOUT_RETURN_TYPE = YES_ERROR;
				GCC_WARN_UNDECLARED_SELECTOR = YES;
				GCC_WARN_UNINITIALIZED_AUTOS = YES_AGGRESSIVE;
				GCC_WARN_UNUSED_FUNCTION = YES;
				GCC_WARN_UNUSED_VARIABLE = YES;
				IPHONEOS_DEPLOYMENT_TARGET = 13.0;
				MTL_ENABLE_DEBUG_INFO = NO;
				MTL_FAST_MATH = YES;
				SDKROOT = iphoneos;
				SWIFT_COMPILATION_MODE = wholemodule;
				SWIFT_OPTIMIZATION_LEVEL = "-O";
				VALIDATE_PRODUCT = YES;
			};
			name = Release;
		};
		13C1A2B5236F094A004B52AF /* Debug */ = {
			isa = XCBuildConfiguration;
			buildSettings = {
				ASSETCATALOG_COMPILER_APPICON_NAME = AppIcon;
				CODE_SIGN_STYLE = Automatic;
				DEVELOPMENT_ASSET_PATHS = "\"FacebookUIDemo/Preview Content\"";
				DEVELOPMENT_TEAM = 4Q8T4RT2H7;
				ENABLE_PREVIEWS = YES;
				INFOPLIST_FILE = FacebookUIDemo/Info.plist;
				LD_RUNPATH_SEARCH_PATHS = (
					"$(inherited)",
					"@executable_path/Frameworks",
				);
				PRODUCT_BUNDLE_IDENTIFIER = com.develop.FacebookUIDemo;
				PRODUCT_NAME = "$(TARGET_NAME)";
				SWIFT_VERSION = 5.0;
				TARGETED_DEVICE_FAMILY = "1,2";
			};
			name = Debug;
		};
		13C1A2B6236F094A004B52AF /* Release */ = {
			isa = XCBuildConfiguration;
			buildSettings = {
				ASSETCATALOG_COMPILER_APPICON_NAME = AppIcon;
				CODE_SIGN_STYLE = Automatic;
				DEVELOPMENT_ASSET_PATHS = "\"FacebookUIDemo/Preview Content\"";
				DEVELOPMENT_TEAM = 4Q8T4RT2H7;
				ENABLE_PREVIEWS = YES;
				INFOPLIST_FILE = FacebookUIDemo/Info.plist;
				LD_RUNPATH_SEARCH_PATHS = (
					"$(inherited)",
					"@executable_path/Frameworks",
				);
				PRODUCT_BUNDLE_IDENTIFIER = com.develop.FacebookUIDemo;
				PRODUCT_NAME = "$(TARGET_NAME)";
				SWIFT_VERSION = 5.0;
				TARGETED_DEVICE_FAMILY = "1,2";
			};
			name = Release;
		};
/* End XCBuildConfiguration section */

/* Begin XCConfigurationList section */
		13C1A29B236F0948004B52AF /* Build configuration list for PBXProject "FacebookUIDemo" */ = {
			isa = XCConfigurationList;
			buildConfigurations = (
				13C1A2B2236F094A004B52AF /* Debug */,
				13C1A2B3236F094A004B52AF /* Release */,
			);
			defaultConfigurationIsVisible = 0;
			defaultConfigurationName = Release;
		};
		13C1A2B4236F094A004B52AF /* Build configuration list for PBXNativeTarget "FacebookUIDemo" */ = {
			isa = XCConfigurationList;
			buildConfigurations = (
				13C1A2B5236F094A004B52AF /* Debug */,
				13C1A2B6236F094A004B52AF /* Release */,
			);
			defaultConfigurationIsVisible = 0;
			defaultConfigurationName = Release;
		};
/* End XCConfigurationList section */
	};
	rootObject = 13C1A298236F0948004B52AF /* Project object */;
}
